// !$*UTF8*$!
{
	archiveVersion = 1;
	classes = {
	};
	objectVersion = 50;
	objects = {

/* Begin PBXBuildFile section */
		1DACDF83248FFED700C7089E /* AppDelegate.swift in Sources */ = {isa = PBXBuildFile; fileRef = 1DACDF82248FFED700C7089E /* AppDelegate.swift */; };
		1DACDF85248FFED700C7089E /* SceneDelegate.swift in Sources */ = {isa = PBXBuildFile; fileRef = 1DACDF84248FFED700C7089E /* SceneDelegate.swift */; };
		1DACDF87248FFED700C7089E /* ContentView.swift in Sources */ = {isa = PBXBuildFile; fileRef = 1DACDF86248FFED700C7089E /* ContentView.swift */; };
		1DACDF89248FFED900C7089E /* Assets.xcassets in Resources */ = {isa = PBXBuildFile; fileRef = 1DACDF88248FFED900C7089E /* Assets.xcassets */; };
		1DACDF8C248FFED900C7089E /* Preview Assets.xcassets in Resources */ = {isa = PBXBuildFile; fileRef = 1DACDF8B248FFED900C7089E /* Preview Assets.xcassets */; };
		1DACDF8F248FFED900C7089E /* LaunchScreen.storyboard in Resources */ = {isa = PBXBuildFile; fileRef = 1DACDF8D248FFED900C7089E /* LaunchScreen.storyboard */; };
		1DACDF9D248FFF0300C7089E /* SafariWebTestsUITests.swift in Sources */ = {isa = PBXBuildFile; fileRef = 1DACDF9C248FFF0300C7089E /* SafariWebTestsUITests.swift */; };
/* End PBXBuildFile section */

/* Begin PBXContainerItemProxy section */
		1DACDF9F248FFF0300C7089E /* PBXContainerItemProxy */ = {
			isa = PBXContainerItemProxy;
			containerPortal = 1DACDF77248FFED600C7089E /* Project object */;
			proxyType = 1;
			remoteGlobalIDString = 1DACDF7E248FFED600C7089E;
			remoteInfo = SafariWebTests;
		};
/* End PBXContainerItemProxy section */

/* Begin PBXFileReference section */
		1DACDF7F248FFED700C7089E /* SafariWebTests.app */ = {isa = PBXFileReference; explicitFileType = wrapper.application; includeInIndex = 0; path = SafariWebTests.app; sourceTree = BUILT_PRODUCTS_DIR; };
		1DACDF82248FFED700C7089E /* AppDelegate.swift */ = {isa = PBXFileReference; lastKnownFileType = sourcecode.swift; path = AppDelegate.swift; sourceTree = "<group>"; };
		1DACDF84248FFED700C7089E /* SceneDelegate.swift */ = {isa = PBXFileReference; lastKnownFileType = sourcecode.swift; path = SceneDelegate.swift; sourceTree = "<group>"; };
		1DACDF86248FFED700C7089E /* ContentView.swift */ = {isa = PBXFileReference; lastKnownFileType = sourcecode.swift; path = ContentView.swift; sourceTree = "<group>"; };
		1DACDF88248FFED900C7089E /* Assets.xcassets */ = {isa = PBXFileReference; lastKnownFileType = folder.assetcatalog; path = Assets.xcassets; sourceTree = "<group>"; };
		1DACDF8B248FFED900C7089E /* Preview Assets.xcassets */ = {isa = PBXFileReference; lastKnownFileType = folder.assetcatalog; path = "Preview Assets.xcassets"; sourceTree = "<group>"; };
		1DACDF8E248FFED900C7089E /* Base */ = {isa = PBXFileReference; lastKnownFileType = file.storyboard; name = Base; path = Base.lproj/LaunchScreen.storyboard; sourceTree = "<group>"; };
		1DACDF90248FFED900C7089E /* Info.plist */ = {isa = PBXFileReference; lastKnownFileType = text.plist.xml; path = Info.plist; sourceTree = "<group>"; };
		1DACDF9A248FFF0300C7089E /* SafariWebTestsUITests.xctest */ = {isa = PBXFileReference; explicitFileType = wrapper.cfbundle; includeInIndex = 0; path = SafariWebTestsUITests.xctest; sourceTree = BUILT_PRODUCTS_DIR; };
		1DACDF9C248FFF0300C7089E /* SafariWebTestsUITests.swift */ = {isa = PBXFileReference; lastKnownFileType = sourcecode.swift; path = SafariWebTestsUITests.swift; sourceTree = "<group>"; };
		1DACDF9E248FFF0300C7089E /* Info.plist */ = {isa = PBXFileReference; lastKnownFileType = text.plist.xml; path = Info.plist; sourceTree = "<group>"; };
/* End PBXFileReference section */

/* Begin PBXFrameworksBuildPhase section */
		1DACDF7C248FFED600C7089E /* Frameworks */ = {
			isa = PBXFrameworksBuildPhase;
			buildActionMask = 2147483647;
			files = (
			);
			runOnlyForDeploymentPostprocessing = 0;
		};
		1DACDF97248FFF0300C7089E /* Frameworks */ = {
			isa = PBXFrameworksBuildPhase;
			buildActionMask = 2147483647;
			files = (
			);
			runOnlyForDeploymentPostprocessing = 0;
		};
/* End PBXFrameworksBuildPhase section */

/* Begin PBXGroup section */
		1DACDF76248FFED600C7089E = {
			isa = PBXGroup;
			children = (
				1DACDF81248FFED700C7089E /* SafariWebTests */,
				1DACDF9B248FFF0300C7089E /* SafariWebTestsUITests */,
				1DACDF80248FFED700C7089E /* Products */,
			);
			sourceTree = "<group>";
		};
		1DACDF80248FFED700C7089E /* Products */ = {
			isa = PBXGroup;
			children = (
				1DACDF7F248FFED700C7089E /* SafariWebTests.app */,
				1DACDF9A248FFF0300C7089E /* SafariWebTestsUITests.xctest */,
			);
			name = Products;
			sourceTree = "<group>";
		};
		1DACDF81248FFED700C7089E /* SafariWebTests */ = {
			isa = PBXGroup;
			children = (
				1DACDF82248FFED700C7089E /* AppDelegate.swift */,
				1DACDF84248FFED700C7089E /* SceneDelegate.swift */,
				1DACDF86248FFED700C7089E /* ContentView.swift */,
				1DACDF88248FFED900C7089E /* Assets.xcassets */,
				1DACDF8D248FFED900C7089E /* LaunchScreen.storyboard */,
				1DACDF90248FFED900C7089E /* Info.plist */,
				1DACDF8A248FFED900C7089E /* Preview Content */,
			);
			path = SafariWebTests;
			sourceTree = "<group>";
		};
		1DACDF8A248FFED900C7089E /* Preview Content */ = {
			isa = PBXGroup;
			children = (
				1DACDF8B248FFED900C7089E /* Preview Assets.xcassets */,
			);
			path = "Preview Content";
			sourceTree = "<group>";
		};
		1DACDF9B248FFF0300C7089E /* SafariWebTestsUITests */ = {
			isa = PBXGroup;
			children = (
				1DACDF9C248FFF0300C7089E /* SafariWebTestsUITests.swift */,
				1DACDF9E248FFF0300C7089E /* Info.plist */,
			);
			path = SafariWebTestsUITests;
			sourceTree = "<group>";
		};
/* End PBXGroup section */

/* Begin PBXNativeTarget section */
		1DACDF7E248FFED600C7089E /* SafariWebTests */ = {
			isa = PBXNativeTarget;
			buildConfigurationList = 1DACDF93248FFED900C7089E /* Build configuration list for PBXNativeTarget "SafariWebTests" */;
			buildPhases = (
				1DACDF7B248FFED600C7089E /* Sources */,
				1DACDF7C248FFED600C7089E /* Frameworks */,
				1DACDF7D248FFED600C7089E /* Resources */,
			);
			buildRules = (
			);
			dependencies = (
			);
			name = SafariWebTests;
			productName = SafariWebTests;
			productReference = 1DACDF7F248FFED700C7089E /* SafariWebTests.app */;
			productType = "com.apple.product-type.application";
		};
		1DACDF99248FFF0300C7089E /* SafariWebTestsUITests */ = {
			isa = PBXNativeTarget;
			buildConfigurationList = 1DACDFA1248FFF0300C7089E /* Build configuration list for PBXNativeTarget "SafariWebTestsUITests" */;
			buildPhases = (
				1DACDF96248FFF0300C7089E /* Sources */,
				1DACDF97248FFF0300C7089E /* Frameworks */,
				1DACDF98248FFF0300C7089E /* Resources */,
			);
			buildRules = (
			);
			dependencies = (
				1DACDFA0248FFF0300C7089E /* PBXTargetDependency */,
			);
			name = SafariWebTestsUITests;
			productName = SafariWebTestsUITests;
			productReference = 1DACDF9A248FFF0300C7089E /* SafariWebTestsUITests.xctest */;
			productType = "com.apple.product-type.bundle.ui-testing";
		};
/* End PBXNativeTarget section */

/* Begin PBXProject section */
		1DACDF77248FFED600C7089E /* Project object */ = {
			isa = PBXProject;
			attributes = {
				LastSwiftUpdateCheck = 1150;
				LastUpgradeCheck = 1150;
				ORGANIZATIONNAME = "Ramill Ibragimov";
				TargetAttributes = {
					1DACDF7E248FFED600C7089E = {
						CreatedOnToolsVersion = 11.5;
					};
					1DACDF99248FFF0300C7089E = {
						CreatedOnToolsVersion = 11.5;
						TestTargetID = 1DACDF7E248FFED600C7089E;
					};
				};
			};
			buildConfigurationList = 1DACDF7A248FFED600C7089E /* Build configuration list for PBXProject "SafariWebTests" */;
			compatibilityVersion = "Xcode 9.3";
			developmentRegion = en;
			hasScannedForEncodings = 0;
			knownRegions = (
				en,
				Base,
			);
			mainGroup = 1DACDF76248FFED600C7089E;
			productRefGroup = 1DACDF80248FFED700C7089E /* Products */;
			projectDirPath = "";
			projectRoot = "";
			targets = (
				1DACDF7E248FFED600C7089E /* SafariWebTests */,
				1DACDF99248FFF0300C7089E /* SafariWebTestsUITests */,
			);
		};
/* End PBXProject section */

/* Begin PBXResourcesBuildPhase section */
		1DACDF7D248FFED600C7089E /* Resources */ = {
			isa = PBXResourcesBuildPhase;
			buildActionMask = 2147483647;
			files = (
				1DACDF8F248FFED900C7089E /* LaunchScreen.storyboard in Resources */,
				1DACDF8C248FFED900C7089E /* Preview Assets.xcassets in Resources */,
				1DACDF89248FFED900C7089E /* Assets.xcassets in Resources */,
			);
			runOnlyForDeploymentPostprocessing = 0;
		};
		1DACDF98248FFF0300C7089E /* Resources */ = {
			isa = PBXResourcesBuildPhase;
			buildActionMask = 2147483647;
			files = (
			);
			runOnlyForDeploymentPostprocessing = 0;
		};
/* End PBXResourcesBuildPhase section */

/* Begin PBXSourcesBuildPhase section */
		1DACDF7B248FFED600C7089E /* Sources */ = {
			isa = PBXSourcesBuildPhase;
			buildActionMask = 2147483647;
			files = (
				1DACDF83248FFED700C7089E /* AppDelegate.swift in Sources */,
				1DACDF85248FFED700C7089E /* SceneDelegate.swift in Sources */,
				1DACDF87248FFED700C7089E /* ContentView.swift in Sources */,
			);
			runOnlyForDeploymentPostprocessing = 0;
		};
		1DACDF96248FFF0300C7089E /* Sources */ = {
			isa = PBXSourcesBuildPhase;
			buildActionMask = 2147483647;
			files = (
				1DACDF9D248FFF0300C7089E /* SafariWebTestsUITests.swift in Sources */,
			);
			runOnlyForDeploymentPostprocessing = 0;
		};
/* End PBXSourcesBuildPhase section */

/* Begin PBXTargetDependency section */
		1DACDFA0248FFF0300C7089E /* PBXTargetDependency */ = {
			isa = PBXTargetDependency;
			target = 1DACDF7E248FFED600C7089E /* SafariWebTests */;
			targetProxy = 1DACDF9F248FFF0300C7089E /* PBXContainerItemProxy */;
		};
/* End PBXTargetDependency section */

/* Begin PBXVariantGroup section */
		1DACDF8D248FFED900C7089E /* LaunchScreen.storyboard */ = {
			isa = PBXVariantGroup;
			children = (
				1DACDF8E248FFED900C7089E /* Base */,
			);
			name = LaunchScreen.storyboard;
			sourceTree = "<group>";
		};
/* End PBXVariantGroup section */

/* Begin XCBuildConfiguration section */
		1DACDF91248FFED900C7089E /* Debug */ = {
			isa = XCBuildConfiguration;
			buildSettings = {
				ALWAYS_SEARCH_USER_PATHS = NO;
				CLANG_ANALYZER_NONNULL = YES;
				CLANG_ANALYZER_NUMBER_OBJECT_CONVERSION = YES_AGGRESSIVE;
				CLANG_CXX_LANGUAGE_STANDARD = "gnu++14";
				CLANG_CXX_LIBRARY = "libc++";
				CLANG_ENABLE_MODULES = YES;
				CLANG_ENABLE_OBJC_ARC = YES;
				CLANG_ENABLE_OBJC_WEAK = YES;
				CLANG_WARN_BLOCK_CAPTURE_AUTORELEASING = YES;
				CLANG_WARN_BOOL_CONVERSION = YES;
				CLANG_WARN_COMMA = YES;
				CLANG_WARN_CONSTANT_CONVERSION = YES;
				CLANG_WARN_DEPRECATED_OBJC_IMPLEMENTATIONS = YES;
				CLANG_WARN_DIRECT_OBJC_ISA_USAGE = YES_ERROR;
				CLANG_WARN_DOCUMENTATION_COMMENTS = YES;
				CLANG_WARN_EMPTY_BODY = YES;
				CLANG_WARN_ENUM_CONVERSION = YES;
				CLANG_WARN_INFINITE_RECURSION = YES;
				CLANG_WARN_INT_CONVERSION = YES;
				CLANG_WARN_NON_LITERAL_NULL_CONVERSION = YES;
				CLANG_WARN_OBJC_IMPLICIT_RETAIN_SELF = YES;
				CLANG_WARN_OBJC_LITERAL_CONVERSION = YES;
				CLANG_WARN_OBJC_ROOT_CLASS = YES_ERROR;
				CLANG_WARN_RANGE_LOOP_ANALYSIS = YES;
				CLANG_WARN_STRICT_PROTOTYPES = YES;
				CLANG_WARN_SUSPICIOUS_MOVE = YES;
				CLANG_WARN_UNGUARDED_AVAILABILITY = YES_AGGRESSIVE;
				CLANG_WARN_UNREACHABLE_CODE = YES;
				CLANG_WARN__DUPLICATE_METHOD_MATCH = YES;
				COPY_PHASE_STRIP = NO;
				DEBUG_INFORMATION_FORMAT = dwarf;
				ENABLE_STRICT_OBJC_MSGSEND = YES;
				ENABLE_TESTABILITY = YES;
				GCC_C_LANGUAGE_STANDARD = gnu11;
				GCC_DYNAMIC_NO_PIC = NO;
				GCC_NO_COMMON_BLOCKS = YES;
				GCC_OPTIMIZATION_LEVEL = 0;
				GCC_PREPROCESSOR_DEFINITIONS = (
					"DEBUG=1",
					"$(inherited)",
				);
				GCC_WARN_64_TO_32_BIT_CONVERSION = YES;
				GCC_WARN_ABOUT_RETURN_TYPE = YES_ERROR;
				GCC_WARN_UNDECLARED_SELECTOR = YES;
				GCC_WARN_UNINITIALIZED_AUTOS = YES_AGGRESSIVE;
				GCC_WARN_UNUSED_FUNCTION = YES;
				GCC_WARN_UNUSED_VARIABLE = YES;
				IPHONEOS_DEPLOYMENT_TARGET = 13.5;
				MTL_ENABLE_DEBUG_INFO = INCLUDE_SOURCE;
				MTL_FAST_MATH = YES;
				ONLY_ACTIVE_ARCH = YES;
				SDKROOT = iphoneos;
				SWIFT_ACTIVE_COMPILATION_CONDITIONS = DEBUG;
				SWIFT_OPTIMIZATION_LEVEL = "-Onone";
			};
			name = Debug;
		};
		1DACDF92248FFED900C7089E /* Release */ = {
			isa = XCBuildConfiguration;
			buildSettings = {
				ALWAYS_SEARCH_USER_PATHS = NO;
				CLANG_ANALYZER_NONNULL = YES;
				CLANG_ANALYZER_NUMBER_OBJECT_CONVERSION = YES_AGGRESSIVE;
				CLANG_CXX_LANGUAGE_STANDARD = "gnu++14";
				CLANG_CXX_LIBRARY = "libc++";
				CLANG_ENABLE_MODULES = YES;
				CLANG_ENABLE_OBJC_ARC = YES;
				CLANG_ENABLE_OBJC_WEAK = YES;
				CLANG_WARN_BLOCK_CAPTURE_AUTORELEASING = YES;
				CLANG_WARN_BOOL_CONVERSION = YES;
				CLANG_WARN_COMMA = YES;
				CLANG_WARN_CONSTANT_CONVERSION = YES;
				CLANG_WARN_DEPRECATED_OBJC_IMPLEMENTATIONS = YES;
				CLANG_WARN_DIRECT_OBJC_ISA_USAGE = YES_ERROR;
				CLANG_WARN_DOCUMENTATION_COMMENTS = YES;
				CLANG_WARN_EMPTY_BODY = YES;
				CLANG_WARN_ENUM_CONVERSION = YES;
				CLANG_WARN_INFINITE_RECURSION = YES;
				CLANG_WARN_INT_CONVERSION = YES;
				CLANG_WARN_NON_LITERAL_NULL_CONVERSION = YES;
				CLANG_WARN_OBJC_IMPLICIT_RETAIN_SELF = YES;
				CLANG_WARN_OBJC_LITERAL_CONVERSION = YES;
				CLANG_WARN_OBJC_ROOT_CLASS = YES_ERROR;
				CLANG_WARN_RANGE_LOOP_ANALYSIS = YES;
				CLANG_WARN_STRICT_PROTOTYPES = YES;
				CLANG_WARN_SUSPICIOUS_MOVE = YES;
				CLANG_WARN_UNGUARDED_AVAILABILITY = YES_AGGRESSIVE;
				CLANG_WARN_UNREACHABLE_CODE = YES;
				CLANG_WARN__DUPLICATE_METHOD_MATCH = YES;
				COPY_PHASE_STRIP = NO;
				DEBUG_INFORMATION_FORMAT = "dwarf-with-dsym";
				ENABLE_NS_ASSERTIONS = NO;
				ENABLE_STRICT_OBJC_MSGSEND = YES;
				GCC_C_LANGUAGE_STANDARD = gnu11;
				GCC_NO_COMMON_BLOCKS = YES;
				GCC_WARN_64_TO_32_BIT_CONVERSION = YES;
				GCC_WARN_ABOUT_RETURN_TYPE = YES_ERROR;
				GCC_WARN_UNDECLARED_SELECTOR = YES;
				GCC_WARN_UNINITIALIZED_AUTOS = YES_AGGRESSIVE;
				GCC_WARN_UNUSED_FUNCTION = YES;
				GCC_WARN_UNUSED_VARIABLE = YES;
				IPHONEOS_DEPLOYMENT_TARGET = 13.5;
				MTL_ENABLE_DEBUG_INFO = NO;
				MTL_FAST_MATH = YES;
				SDKROOT = iphoneos;
				SWIFT_COMPILATION_MODE = wholemodule;
				SWIFT_OPTIMIZATION_LEVEL = "-O";
				VALIDATE_PRODUCT = YES;
			};
			name = Release;
		};
		1DACDF94248FFED900C7089E /* Debug */ = {
			isa = XCBuildConfiguration;
			buildSettings = {
				ASSETCATALOG_COMPILER_APPICON_NAME = AppIcon;
				CODE_SIGN_STYLE = Automatic;
				DEVELOPMENT_ASSET_PATHS = "\"SafariWebTests/Preview Content\"";
				DEVELOPMENT_TEAM = L8W86DZDY2;
				ENABLE_PREVIEWS = YES;
				INFOPLIST_FILE = SafariWebTests/Info.plist;
				LD_RUNPATH_SEARCH_PATHS = (
					"$(inherited)",
					"@executable_path/Frameworks",
				);
				PRODUCT_BUNDLE_IDENTIFIER = com.ri.SafariWebTests;
				PRODUCT_NAME = "$(TARGET_NAME)";
				SWIFT_VERSION = 5.0;
				TARGETED_DEVICE_FAMILY = "1,2";
			};
			name = Debug;
		};
		1DACDF95248FFED900C7089E /* Release */ = {
			isa = XCBuildConfiguration;
			buildSettings = {
				ASSETCATALOG_COMPILER_APPICON_NAME = AppIcon;
				CODE_SIGN_STYLE = Automatic;
				DEVELOPMENT_ASSET_PATHS = "\"SafariWebTests/Preview Content\"";
				DEVELOPMENT_TEAM = L8W86DZDY2;
				ENABLE_PREVIEWS = YES;
				INFOPLIST_FILE = SafariWebTests/Info.plist;
				LD_RUNPATH_SEARCH_PATHS = (
					"$(inherited)",
					"@executable_path/Frameworks",
				);
				PRODUCT_BUNDLE_IDENTIFIER = com.ri.SafariWebTests;
				PRODUCT_NAME = "$(TARGET_NAME)";
				SWIFT_VERSION = 5.0;
				TARGETED_DEVICE_FAMILY = "1,2";
			};
			name = Release;
		};
		1DACDFA2248FFF0300C7089E /* Debug */ = {
			isa = XCBuildConfiguration;
			buildSettings = {
				CODE_SIGN_STYLE = Automatic;
				DEVELOPMENT_TEAM = L8W86DZDY2;
				INFOPLIST_FILE = SafariWebTestsUITests/Info.plist;
				LD_RUNPATH_SEARCH_PATHS = (
					"$(inherited)",
					"@executable_path/Frameworks",
					"@loader_path/Frameworks",
				);
				PRODUCT_BUNDLE_IDENTIFIER = com.ri.SafariWebTestsUITests;
				PRODUCT_NAME = "$(TARGET_NAME)";
				SWIFT_VERSION = 5.0;
				TARGETED_DEVICE_FAMILY = "1,2";
				TEST_TARGET_NAME = SafariWebTests;
			};
			name = Debug;
		};
		1DACDFA3248FFF0300C7089E /* Release */ = {
			isa = XCBuildConfiguration;
			buildSettings = {
				CODE_SIGN_STYLE = Automatic;
				DEVELOPMENT_TEAM = L8W86DZDY2;
				INFOPLIST_FILE = SafariWebTestsUITests/Info.plist;
				LD_RUNPATH_SEARCH_PATHS = (
					"$(inherited)",
					"@executable_path/Frameworks",
					"@loader_path/Frameworks",
				);
				PRODUCT_BUNDLE_IDENTIFIER = com.ri.SafariWebTestsUITests;
				PRODUCT_NAME = "$(TARGET_NAME)";
				SWIFT_VERSION = 5.0;
				TARGETED_DEVICE_FAMILY = "1,2";
				TEST_TARGET_NAME = SafariWebTests;
			};
			name = Release;
		};
/* End XCBuildConfiguration section */

/* Begin XCConfigurationList section */
		1DACDF7A248FFED600C7089E /* Build configuration list for PBXProject "SafariWebTests" */ = {
			isa = XCConfigurationList;
			buildConfigurations = (
				1DACDF91248FFED900C7089E /* Debug */,
				1DACDF92248FFED900C7089E /* Release */,
			);
			defaultConfigurationIsVisible = 0;
			defaultConfigurationName = Release;
		};
		1DACDF93248FFED900C7089E /* Build configuration list for PBXNativeTarget "SafariWebTests" */ = {
			isa = XCConfigurationList;
			buildConfigurations = (
				1DACDF94248FFED900C7089E /* Debug */,
				1DACDF95248FFED900C7089E /* Release */,
			);
			defaultConfigurationIsVisible = 0;
			defaultConfigurationName = Release;
		};
		1DACDFA1248FFF0300C7089E /* Build configuration list for PBXNativeTarget "SafariWebTestsUITests" */ = {
			isa = XCConfigurationList;
			buildConfigurations = (
				1DACDFA2248FFF0300C7089E /* Debug */,
				1DACDFA3248FFF0300C7089E /* Release */,
			);
			defaultConfigurationIsVisible = 0;
			defaultConfigurationName = Release;
		};
/* End XCConfigurationList section */
	};
	rootObject = 1DACDF77248FFED600C7089E /* Project object */;
}
